
Microsoft Visual Studio Solution File, Format Version 12.00
# Visual Studio 14
VisualStudioVersion = 14.0.25420.1
MinimumVisualStudioVersion = 10.0.40219.1
Project("{FAE04EC0-301F-11D3-BF4B-00C04F79EFBC}") = "CSOMRestAPI", "CSOMRestAPI\CSOMRestAPI.csproj", "{BD53BA7F-A04D-4C59-B5C6-490928CB1263}"
EndProject
Project("{FAE04EC0-301F-11D3-BF4B-00C04F79EFBC}") = "CSOMWebService", "CSOMWebService\CSOMWebService.csproj", "{428770F0-ED56-4289-81BA-CDB6D57FABA7}"
EndProject
Global
	GlobalSection(SolutionConfigurationPlatforms) = preSolution
		Debug|Any CPU = Debug|Any CPU
		Release|Any CPU = Release|Any CPU
	EndGlobalSection
	GlobalSection(ProjectConfigurationPlatforms) = postSolution
		{BD53BA7F-A04D-4C59-B5C6-490928CB1263}.Debug|Any CPU.ActiveCfg = Debug|Any CPU
		{BD53BA7F-A04D-4C59-B5C6-490928CB1263}.Debug|Any CPU.Build.0 = Debug|Any CPU
		{BD53BA7F-A04D-4C59-B5C6-490928CB1263}.Release|Any CPU.ActiveCfg = Release|Any CPU
		{BD53BA7F-A04D-4C59-B5C6-490928CB1263}.Release|Any CPU.Build.0 = Release|Any CPU
		{428770F0-ED56-4289-81BA-CDB6D57FABA7}.Debug|Any CPU.ActiveCfg = Debug|Any CPU
		{428770F0-ED56-4289-81BA-CDB6D57FABA7}.Debug|Any CPU.Build.0 = Debug|Any CPU
		{428770F0-ED56-4289-81BA-CDB6D57FABA7}.Release|Any CPU.ActiveCfg = Release|Any CPU
		{428770F0-ED56-4289-81BA-CDB6D57FABA7}.Release|Any CPU.Build.0 = Release|Any CPU
	EndGlobalSection
	GlobalSection(SolutionProperties) = preSolution
		HideSolutionNode = FALSE
	EndGlobalSection
EndGlobal
